
Microsoft Visual Studio Solution File, Format Version 12.00
# Visual Studio Version 17
VisualStudioVersion = 17.6.33829.357
MinimumVisualStudioVersion = 10.0.40219.1
Project("{FAE04EC0-301F-11D3-BF4B-00C04F79EFBC}") = "HWDictionaries", "HWDictionaries\HWDictionaries.csproj", "{1E43720A-FEBB-454C-B80F-503842E32BCC}"
EndProject
Global
	GlobalSection(SolutionConfigurationPlatforms) = preSolution
		Debug|Any CPU = Debug|Any CPU
		Release|Any CPU = Release|Any CPU
	EndGlobalSection
	GlobalSection(ProjectConfigurationPlatforms) = postSolution
		{1E43720A-FEBB-454C-B80F-503842E32BCC}.Debug|Any CPU.ActiveCfg = Debug|Any CPU
		{1E43720A-FEBB-454C-B80F-503842E32BCC}.Debug|Any CPU.Build.0 = Debug|Any CPU
		{1E43720A-FEBB-454C-B80F-503842E32BCC}.Release|Any CPU.ActiveCfg = Release|Any CPU
		{1E43720A-FEBB-454C-B80F-503842E32BCC}.Release|Any CPU.Build.0 = Release|Any CPU
	EndGlobalSection
	GlobalSection(SolutionProperties) = preSolution
		HideSolutionNode = FALSE
	EndGlobalSection
	GlobalSection(ExtensibilityGlobals) = postSolution
		SolutionGuid = {CF270DB3-EE0F-4D8E-AD62-D890655479DD}
	EndGlobalSection
EndGlobal
